
Microsoft Visual Studio Solution File, Format Version 12.00
# Visual Studio Version 17
VisualStudioVersion = 17.14.36429.23 d17.14
MinimumVisualStudioVersion = 10.0.40219.1
Project("{FAE04EC0-301F-11D3-BF4B-00C04F79EFBC}") = "Sketcher3D_Csharp", "Sketcher3D_Csharp\Sketcher3D_Csharp.csproj", "{D217CA1E-5780-4A52-A4E5-C61BE6840B25}"
	ProjectSection(ProjectDependencies) = postProject
		{C283CB17-1B1B-4F24-AA9A-1F82321CA799} = {C283CB17-1B1B-4F24-AA9A-1F82321CA799}
	EndProjectSection
EndProject
Project("{FAE04EC0-301F-11D3-BF4B-00C04F79EFBC}") = "GeometryEngine3D_Csharp", "GeometryEngine3D_Csharp\GeometryEngine3D_Csharp.csproj", "{C283CB17-1B1B-4F24-AA9A-1F82321CA799}"
EndProject
Global
	GlobalSection(SolutionConfigurationPlatforms) = preSolution
		Debug|Any CPU = Debug|Any CPU
		Release|Any CPU = Release|Any CPU
	EndGlobalSection
	GlobalSection(ProjectConfigurationPlatforms) = postSolution
		{D217CA1E-5780-4A52-A4E5-C61BE6840B25}.Debug|Any CPU.ActiveCfg = Debug|Any CPU
		{D217CA1E-5780-4A52-A4E5-C61BE6840B25}.Debug|Any CPU.Build.0 = Debug|Any CPU
		{D217CA1E-5780-4A52-A4E5-C61BE6840B25}.Release|Any CPU.ActiveCfg = Release|Any CPU
		{D217CA1E-5780-4A52-A4E5-C61BE6840B25}.Release|Any CPU.Build.0 = Release|Any CPU
		{C283CB17-1B1B-4F24-AA9A-1F82321CA799}.Debug|Any CPU.ActiveCfg = Debug|Any CPU
		{C283CB17-1B1B-4F24-AA9A-1F82321CA799}.Debug|Any CPU.Build.0 = Debug|Any CPU
		{C283CB17-1B1B-4F24-AA9A-1F82321CA799}.Release|Any CPU.ActiveCfg = Release|Any CPU
		{C283CB17-1B1B-4F24-AA9A-1F82321CA799}.Release|Any CPU.Build.0 = Release|Any CPU
	EndGlobalSection
	GlobalSection(SolutionProperties) = preSolution
		HideSolutionNode = FALSE
	EndGlobalSection
	GlobalSection(ExtensibilityGlobals) = postSolution
		SolutionGuid = {C2F733C8-1B99-48E5-AAF4-B54E3F1CC43E}
	EndGlobalSection
EndGlobal
